{
  "name": "remixplatform",
  "version": "0.0.1",
  "lockfileVersion": 1,
  "requires": true,
  "dependencies": {
    "@babel/helper-annotate-as-pure": {
      "version": "7.0.0-beta.40",
      "resolved": "https://registry.npmjs.org/@babel/helper-annotate-as-pure/-/helper-annotate-as-pure-7.0.0-beta.40.tgz",
      "integrity": "sha512-bJd92d70QTlcqCO9WiE8C94r7NwVzJx1V6Yz7rYi4IQ53P0jbh9jjKL2zl8YoU2S8M/KX1jpu+yIgXbx+LOruQ==",
      "requires": {
        "@babel/types": "7.0.0-beta.40"
      }
    },
    "@babel/types": {
      "version": "7.0.0-beta.40",
      "resolved": "https://registry.npmjs.org/@babel/types/-/types-7.0.0-beta.40.tgz",
      "integrity": "sha512-uXCGCzTgMZxcSUzutCPtZmXbVC+cvENgS2e0tRuhn+Y1hZnMb8IHP0Trq7Q2MB/eFmG5pKrAeTIUfQIe5kA4Tg==",
      "requires": {
        "esutils": "2.0.2",
        "lodash": "4.17.5",
        "to-fast-properties": "2.0.0"
      }
    },
    "babel-plugin-styled-components": {
      "version": "1.5.0",
      "resolved": "https://registry.npmjs.org/babel-plugin-styled-components/-/babel-plugin-styled-components-1.5.0.tgz",
      "integrity": "sha1-RUnyihn7BRcKqe5Cm03g6sLSQB0=",
      "requires": {
        "@babel/helper-annotate-as-pure": "7.0.0-beta.40",
        "babel-types": "6.26.0",
        "stylis": "3.4.10"
      }
    },
    "babel-types": {
      "version": "6.26.0",
      "resolved": "https://registry.npmjs.org/babel-types/-/babel-types-6.26.0.tgz",
      "integrity": "sha1-o7Bz+Uq0nrb6Vc1lInozQ4BjJJc=",
      "requires": {
        "babel-runtime": "6.26.0",
        "esutils": "2.0.2",
        "lodash": "4.17.5",
        "to-fast-properties": "1.0.3"
      },
      "dependencies": {
        "babel-runtime": {
          "version": "6.26.0",
          "resolved": "https://registry.npmjs.org/babel-runtime/-/babel-runtime-6.26.0.tgz",
          "integrity": "sha1-llxwWGaOgrVde/4E/yM3vItWR/4=",
          "requires": {
            "core-js": "2.5.3",
            "regenerator-runtime": "0.11.1"
          }
        },
        "to-fast-properties": {
          "version": "1.0.3",
          "resolved": "https://registry.npmjs.org/to-fast-properties/-/to-fast-properties-1.0.3.tgz",
          "integrity": "sha1-uDVx+k2MJbguIxsG46MFXeTKGkc="
        }
      }
    },
    "core-js": {
      "version": "2.5.3",
      "resolved": "https://registry.npmjs.org/core-js/-/core-js-2.5.3.tgz",
      "integrity": "sha1-isw4NFgk8W2DZbfJtCWRaOjtYD4="
    },
    "esutils": {
      "version": "2.0.2",
      "resolved": "https://registry.npmjs.org/esutils/-/esutils-2.0.2.tgz",
      "integrity": "sha1-Cr9PHKpbyx96nYrMbepPqqBLrJs="
    },
    "lodash": {
      "version": "4.17.5",
      "resolved": "https://registry.npmjs.org/lodash/-/lodash-4.17.5.tgz",
      "integrity": "sha512-svL3uiZf1RwhH+cWrfZn3A4+U58wbP0tGVTLQPbjplZxZ8ROD9VLuNgsRniTlLe7OlSqR79RUehXgpBW/s0IQw=="
    },
    "regenerator-runtime": {
      "version": "0.11.1",
      "resolved": "https://registry.npmjs.org/regenerator-runtime/-/regenerator-runtime-0.11.1.tgz",
      "integrity": "sha512-MguG95oij0fC3QV3URf4V2SDYGJhJnJGqvIIgdECeODCT98wSWDAJ94SSuVpYQUoTcGUIL6L4yNB7j1DFFHSBg=="
    },
    "stylis": {
      "version": "3.4.10",
      "resolved": "https://registry.npmjs.org/stylis/-/stylis-3.4.10.tgz",
      "integrity": "sha512-J7CXAfeyhjdgvdQMz2yy0gTDccq0nVmatx6IlX1je1kCqdNgk3npGOzX6qprEd2oHVv7IF5HXO08i6XFQs/JRA=="
    },
    "to-fast-properties": {
      "version": "2.0.0",
      "resolved": "https://registry.npmjs.org/to-fast-properties/-/to-fast-properties-2.0.0.tgz",
      "integrity": "sha1-3F5pjL0HkmW8c+A3doGk5Og/YW4="
    }
  }
}
